PODS:
  - LayoutKit (10.1.0)
  - SwiftGen (6.4.0)

DEPENDENCIES:
  - LayoutKit (from `https://github.com/msfrms/LayoutKit`, branch `master`)
  - SwiftGen (~> 6.4.0)

SPEC REPOS:
  trunk:
    - SwiftGen

EXTERNAL SOURCES:
  LayoutKit:
    :branch: master
    :git: https://github.com/msfrms/LayoutKit

CHECKOUT OPTIONS:
  LayoutKit:
    :commit: 34abc8e0bbbf9144c8b737e10a10709bec25586a
    :git: https://github.com/msfrms/LayoutKit

SPEC CHECKSUMS:
  LayoutKit: 66478bb3af5ce4519a056d9465bc4c7585d2350b
  SwiftGen: 67860cc7c3cfc2ed25b9b74cfd55495fc89f9108

PODFILE CHECKSUM: 9e47f4fba3ca8363d3b91a282b9f8519bce9186e

COCOAPODS: 1.10.1
